
Microsoft Visual Studio Solution File, Format Version 12.00
# Visual Studio Version 17
VisualStudioVersion = 17.12.35707.178 d17.12
MinimumVisualStudioVersion = 10.0.40219.1
Project("{FAE04EC0-301F-11D3-BF4B-00C04F79EFBC}") = "CarRental.Domain", "CarRental.Domain\CarRental.Domain.csproj", "{8676E682-AF74-4627-9847-2508DED25487}"
EndProject
Global
	GlobalSection(SolutionConfigurationPlatforms) = preSolution
		Debug|Any CPU = Debug|Any CPU
		Release|Any CPU = Release|Any CPU
	EndGlobalSection
	GlobalSection(ProjectConfigurationPlatforms) = postSolution
		{8676E682-AF74-4627-9847-2508DED25487}.Debug|Any CPU.ActiveCfg = Debug|Any CPU
		{8676E682-AF74-4627-9847-2508DED25487}.Debug|Any CPU.Build.0 = Debug|Any CPU
		{8676E682-AF74-4627-9847-2508DED25487}.Release|Any CPU.ActiveCfg = Release|Any CPU
		{8676E682-AF74-4627-9847-2508DED25487}.Release|Any CPU.Build.0 = Release|Any CPU
	EndGlobalSection
	GlobalSection(SolutionProperties) = preSolution
		HideSolutionNode = FALSE
	EndGlobalSection
EndGlobal
